github.com/oasisprotocol/curve25519-voi v0.0.0-20251114093237-2ab5a27a1729 h1:yfQ2sO9WJXUAIUR+g7NUkxJSKCAFJcR5sUDu+ZmjTZI=
github.com/oasisprotocol/curve25519-voi v0.0.0-20251114093237-2ab5a27a1729/go.mod h1:hVoHR2EVESiICEMbg137etN/Lx+lSrHPTD39Z/uE+2s=
github.com/spf13/pflag v1.0.10 h1:4EBh2KAYBwaONj6b2Ye1GiHfwjqyROoF4RwYO+vPwFk=
github.com/spf13/pflag v1.0.10/go.mod h1:McXfInJRrz4CZXVZOBLb0bTZqETkiAhM9Iw0y3An2Bg=
golang.org/x/sys v0.39.0 h1:CvCKL8MeisomCi6qNZ+wbb0DN9E5AATixKsvNtMoMFk=
golang.org/x/sys v0.39.0/go.mod h1:OgkHotnGiDImocRcuBABYBEXf8A9a87e/uXjp9XT3ks=
